
Microsoft Visual Studio Solution File, Format Version 12.00
# Visual Studio Version 17
VisualStudioVersion = 17.0.31919.166
MinimumVisualStudioVersion = 10.0.40219.1
Project("{FAE04EC0-301F-11D3-BF4B-00C04F79EFBC}") = "Multiplosde3", "Multiplosde3\Multiplosde3.csproj", "{EC280D14-F457-43A2-B6BA-AC94A13DD184}"
EndProject
Global
	GlobalSection(SolutionConfigurationPlatforms) = preSolution
		Debug|Any CPU = Debug|Any CPU
		Release|Any CPU = Release|Any CPU
	EndGlobalSection
	GlobalSection(ProjectConfigurationPlatforms) = postSolution
		{EC280D14-F457-43A2-B6BA-AC94A13DD184}.Debug|Any CPU.ActiveCfg = Debug|Any CPU
		{EC280D14-F457-43A2-B6BA-AC94A13DD184}.Debug|Any CPU.Build.0 = Debug|Any CPU
		{EC280D14-F457-43A2-B6BA-AC94A13DD184}.Release|Any CPU.ActiveCfg = Release|Any CPU
		{EC280D14-F457-43A2-B6BA-AC94A13DD184}.Release|Any CPU.Build.0 = Release|Any CPU
	EndGlobalSection
	GlobalSection(SolutionProperties) = preSolution
		HideSolutionNode = FALSE
	EndGlobalSection
	GlobalSection(ExtensibilityGlobals) = postSolution
		SolutionGuid = {261C51AB-2429-4F47-93CC-A971460A466C}
	EndGlobalSection
EndGlobal
