
Microsoft Visual Studio Solution File, Format Version 12.00
# Visual Studio Version 17
VisualStudioVersion = 17.0.31919.166
MinimumVisualStudioVersion = 10.0.40219.1
Project("{FAE04EC0-301F-11D3-BF4B-00C04F79EFBC}") = "11-For", "11-For\11-For.csproj", "{C8DF58E4-B151-4138-94FC-05D4B263A154}"
EndProject
Global
	GlobalSection(SolutionConfigurationPlatforms) = preSolution
		Debug|Any CPU = Debug|Any CPU
		Release|Any CPU = Release|Any CPU
	EndGlobalSection
	GlobalSection(ProjectConfigurationPlatforms) = postSolution
		{C8DF58E4-B151-4138-94FC-05D4B263A154}.Debug|Any CPU.ActiveCfg = Debug|Any CPU
		{C8DF58E4-B151-4138-94FC-05D4B263A154}.Debug|Any CPU.Build.0 = Debug|Any CPU
		{C8DF58E4-B151-4138-94FC-05D4B263A154}.Release|Any CPU.ActiveCfg = Release|Any CPU
		{C8DF58E4-B151-4138-94FC-05D4B263A154}.Release|Any CPU.Build.0 = Release|Any CPU
	EndGlobalSection
	GlobalSection(SolutionProperties) = preSolution
		HideSolutionNode = FALSE
	EndGlobalSection
	GlobalSection(ExtensibilityGlobals) = postSolution
		SolutionGuid = {6669E7A0-C1DB-4811-8709-85CB3FF9EC87}
	EndGlobalSection
EndGlobal
