
Microsoft Visual Studio Solution File, Format Version 12.00
# Visual Studio Version 17
VisualStudioVersion = 17.0.31919.166
MinimumVisualStudioVersion = 10.0.40219.1
Project("{FAE04EC0-301F-11D3-BF4B-00C04F79EFBC}") = "12-EncadeandoFor", "12-EncadeandoFor\12-EncadeandoFor.csproj", "{4580F579-2FBF-4F72-A4AE-90611BBCFEFB}"
EndProject
Global
	GlobalSection(SolutionConfigurationPlatforms) = preSolution
		Debug|Any CPU = Debug|Any CPU
		Release|Any CPU = Release|Any CPU
	EndGlobalSection
	GlobalSection(ProjectConfigurationPlatforms) = postSolution
		{4580F579-2FBF-4F72-A4AE-90611BBCFEFB}.Debug|Any CPU.ActiveCfg = Debug|Any CPU
		{4580F579-2FBF-4F72-A4AE-90611BBCFEFB}.Debug|Any CPU.Build.0 = Debug|Any CPU
		{4580F579-2FBF-4F72-A4AE-90611BBCFEFB}.Release|Any CPU.ActiveCfg = Release|Any CPU
		{4580F579-2FBF-4F72-A4AE-90611BBCFEFB}.Release|Any CPU.Build.0 = Release|Any CPU
	EndGlobalSection
	GlobalSection(SolutionProperties) = preSolution
		HideSolutionNode = FALSE
	EndGlobalSection
	GlobalSection(ExtensibilityGlobals) = postSolution
		SolutionGuid = {F534AE36-9FDD-4F10-A86C-E73FE52B08EC}
	EndGlobalSection
EndGlobal
